// !$*UTF8*$!
{
	archiveVersion = 1;
	classes = {
	};
	objectVersion = 50;
	objects = {

/* Begin PBXBuildFile section */
		0C2639D12665B20E00CD29C9 /* AttractorView.swift in Sources */ = {isa = PBXBuildFile; fileRef = 0C2639D02665B20E00CD29C9 /* AttractorView.swift */; };
		0C2639D22665B20E00CD29C9 /* AttractorView.swift in Sources */ = {isa = PBXBuildFile; fileRef = 0C2639D02665B20E00CD29C9 /* AttractorView.swift */; };
		0C2639D42665B45300CD29C9 /* Attractors.swift in Sources */ = {isa = PBXBuildFile; fileRef = 0C2639D32665B45300CD29C9 /* Attractors.swift */; };
		0C2639D52665B45300CD29C9 /* Attractors.swift in Sources */ = {isa = PBXBuildFile; fileRef = 0C2639D32665B45300CD29C9 /* Attractors.swift */; };
		0C446D852660AB3C00644746 /* AttractorShaders.metal in Sources */ = {isa = PBXBuildFile; fileRef = 0C446D822660AB3C00644746 /* AttractorShaders.metal */; };
		0C446D862660AB3C00644746 /* AttractorShaders.metal in Sources */ = {isa = PBXBuildFile; fileRef = 0C446D822660AB3C00644746 /* AttractorShaders.metal */; };
		0C446D8C26618BE500644746 /* AttractorVisView.swift in Sources */ = {isa = PBXBuildFile; fileRef = 0C446D8B26618BE500644746 /* AttractorVisView.swift */; };
		0C446D8D26618BE500644746 /* AttractorVisView.swift in Sources */ = {isa = PBXBuildFile; fileRef = 0C446D8B26618BE500644746 /* AttractorVisView.swift */; };
		0C74E31C26620052002A1656 /* AttractorCalculator.swift in Sources */ = {isa = PBXBuildFile; fileRef = 0C74E31B26620052002A1656 /* AttractorCalculator.swift */; };
		0C74E31D26620052002A1656 /* AttractorCalculator.swift in Sources */ = {isa = PBXBuildFile; fileRef = 0C74E31B26620052002A1656 /* AttractorCalculator.swift */; };
		0C7BE6A926604AAA002B9AB3 /* AnimatedScreenSaversView.swift in Sources */ = {isa = PBXBuildFile; fileRef = 0C9FDC22265EE39000A569DC /* AnimatedScreenSaversView.swift */; };
		0C9FDC23265EE39000A569DC /* AnimatedScreenSaversView.swift in Sources */ = {isa = PBXBuildFile; fileRef = 0C9FDC22265EE39000A569DC /* AnimatedScreenSaversView.swift */; };
		0C9FDC27265EE3CD00A569DC /* TerrainSceneView.swift in Sources */ = {isa = PBXBuildFile; fileRef = 0C9FDC25265EE3CD00A569DC /* TerrainSceneView.swift */; };
		0C9FDC28265EE3CD00A569DC /* Terrain.swift in Sources */ = {isa = PBXBuildFile; fileRef = 0C9FDC26265EE3CD00A569DC /* Terrain.swift */; };
		0C9FDC30265EE4BC00A569DC /* AppDelegate.swift in Sources */ = {isa = PBXBuildFile; fileRef = 0C9FDC2F265EE4BC00A569DC /* AppDelegate.swift */; };
		0C9FDC34265EE4BF00A569DC /* Assets.xcassets in Resources */ = {isa = PBXBuildFile; fileRef = 0C9FDC33265EE4BF00A569DC /* Assets.xcassets */; };
		0C9FDC37265EE4BF00A569DC /* Preview Assets.xcassets in Resources */ = {isa = PBXBuildFile; fileRef = 0C9FDC36265EE4BF00A569DC /* Preview Assets.xcassets */; };
		0C9FDC3A265EE4BF00A569DC /* Main.storyboard in Resources */ = {isa = PBXBuildFile; fileRef = 0C9FDC38265EE4BF00A569DC /* Main.storyboard */; };
		0C9FDC40265EE4D900A569DC /* TerrainSceneView.swift in Sources */ = {isa = PBXBuildFile; fileRef = 0C9FDC25265EE3CD00A569DC /* TerrainSceneView.swift */; };
		0C9FDC41265EE4D900A569DC /* Terrain.swift in Sources */ = {isa = PBXBuildFile; fileRef = 0C9FDC26265EE3CD00A569DC /* Terrain.swift */; };
		0C9FDC6F265F485600A569DC /* SKScene+Drawing.swift in Sources */ = {isa = PBXBuildFile; fileRef = 0C9FDC68265F485500A569DC /* SKScene+Drawing.swift */; };
		0C9FDC70265F485600A569DC /* SKScene+Drawing.swift in Sources */ = {isa = PBXBuildFile; fileRef = 0C9FDC68265F485500A569DC /* SKScene+Drawing.swift */; };
		0C9FDC71265F485600A569DC /* Complex.swift in Sources */ = {isa = PBXBuildFile; fileRef = 0C9FDC69265F485500A569DC /* Complex.swift */; };
		0C9FDC72265F485600A569DC /* Complex.swift in Sources */ = {isa = PBXBuildFile; fileRef = 0C9FDC69265F485500A569DC /* Complex.swift */; };
		0C9FDC77265F485600A569DC /* FourierSceneView.swift in Sources */ = {isa = PBXBuildFile; fileRef = 0C9FDC6C265F485500A569DC /* FourierSceneView.swift */; };
		0C9FDC78265F485600A569DC /* FourierSceneView.swift in Sources */ = {isa = PBXBuildFile; fileRef = 0C9FDC6C265F485500A569DC /* FourierSceneView.swift */; };
		0C9FDC79265F485600A569DC /* Wave.swift in Sources */ = {isa = PBXBuildFile; fileRef = 0C9FDC6D265F485500A569DC /* Wave.swift */; };
		0C9FDC7A265F485600A569DC /* Wave.swift in Sources */ = {isa = PBXBuildFile; fileRef = 0C9FDC6D265F485500A569DC /* Wave.swift */; };
		0C9FDC7B265F485600A569DC /* FourierScene.swift in Sources */ = {isa = PBXBuildFile; fileRef = 0C9FDC6E265F485600A569DC /* FourierScene.swift */; };
		0C9FDC7C265F485600A569DC /* FourierScene.swift in Sources */ = {isa = PBXBuildFile; fileRef = 0C9FDC6E265F485600A569DC /* FourierScene.swift */; };
		0C9FDC81265F491600A569DC /* Fourier.swift in Sources */ = {isa = PBXBuildFile; fileRef = 0C9FDC80265F491600A569DC /* Fourier.swift */; };
		0C9FDC82265F491600A569DC /* Fourier.swift in Sources */ = {isa = PBXBuildFile; fileRef = 0C9FDC80265F491600A569DC /* Fourier.swift */; };
		0C9FDC84265F534C00A569DC /* Queue.swift in Sources */ = {isa = PBXBuildFile; fileRef = 0C9FDC83265F534C00A569DC /* Queue.swift */; };
		0C9FDC85265F534C00A569DC /* Queue.swift in Sources */ = {isa = PBXBuildFile; fileRef = 0C9FDC83265F534C00A569DC /* Queue.swift */; };
		0C9FDC87265F53A800A569DC /* swift.json in Resources */ = {isa = PBXBuildFile; fileRef = 0C9FDC86265F53A800A569DC /* swift.json */; };
		0C9FDC88265F53A800A569DC /* swift.json in Resources */ = {isa = PBXBuildFile; fileRef = 0C9FDC86265F53A800A569DC /* swift.json */; };
		0CC6EE7526601CBD0014FA8F /* treble.json in Resources */ = {isa = PBXBuildFile; fileRef = 0CC6EE7426601CBD0014FA8F /* treble.json */; };
		0CC6EE7626601CBD0014FA8F /* treble.json in Resources */ = {isa = PBXBuildFile; fileRef = 0CC6EE7426601CBD0014FA8F /* treble.json */; };
/* End PBXBuildFile section */

/* Begin PBXFileReference section */
		0C2639D02665B20E00CD29C9 /* AttractorView.swift */ = {isa = PBXFileReference; lastKnownFileType = sourcecode.swift; path = AttractorView.swift; sourceTree = "<group>"; };
		0C2639D32665B45300CD29C9 /* Attractors.swift */ = {isa = PBXFileReference; lastKnownFileType = sourcecode.swift; path = Attractors.swift; sourceTree = "<group>"; };
		0C446D822660AB3C00644746 /* AttractorShaders.metal */ = {isa = PBXFileReference; fileEncoding = 4; lastKnownFileType = sourcecode.metal; path = AttractorShaders.metal; sourceTree = "<group>"; };
		0C446D8B26618BE500644746 /* AttractorVisView.swift */ = {isa = PBXFileReference; lastKnownFileType = sourcecode.swift; path = AttractorVisView.swift; sourceTree = "<group>"; };
		0C74E31B26620052002A1656 /* AttractorCalculator.swift */ = {isa = PBXFileReference; lastKnownFileType = sourcecode.swift; path = AttractorCalculator.swift; sourceTree = "<group>"; };
		0C9FDC15265EDCE800A569DC /* AnimatedScreenSavers.saver */ = {isa = PBXFileReference; explicitFileType = wrapper.cfbundle; includeInIndex = 0; path = AnimatedScreenSavers.saver; sourceTree = BUILT_PRODUCTS_DIR; };
		0C9FDC1C265EDCE800A569DC /* Info.plist */ = {isa = PBXFileReference; lastKnownFileType = text.plist.xml; path = Info.plist; sourceTree = "<group>"; };
		0C9FDC22265EE39000A569DC /* AnimatedScreenSaversView.swift */ = {isa = PBXFileReference; lastKnownFileType = sourcecode.swift; path = AnimatedScreenSaversView.swift; sourceTree = "<group>"; };
		0C9FDC25265EE3CD00A569DC /* TerrainSceneView.swift */ = {isa = PBXFileReference; fileEncoding = 4; lastKnownFileType = sourcecode.swift; path = TerrainSceneView.swift; sourceTree = "<group>"; };
		0C9FDC26265EE3CD00A569DC /* Terrain.swift */ = {isa = PBXFileReference; fileEncoding = 4; lastKnownFileType = sourcecode.swift; path = Terrain.swift; sourceTree = "<group>"; };
		0C9FDC2D265EE4BC00A569DC /* TesterApp.app */ = {isa = PBXFileReference; explicitFileType = wrapper.application; includeInIndex = 0; path = TesterApp.app; sourceTree = BUILT_PRODUCTS_DIR; };
		0C9FDC2F265EE4BC00A569DC /* AppDelegate.swift */ = {isa = PBXFileReference; lastKnownFileType = sourcecode.swift; path = AppDelegate.swift; sourceTree = "<group>"; };
		0C9FDC33265EE4BF00A569DC /* Assets.xcassets */ = {isa = PBXFileReference; lastKnownFileType = folder.assetcatalog; path = Assets.xcassets; sourceTree = "<group>"; };
		0C9FDC36265EE4BF00A569DC /* Preview Assets.xcassets */ = {isa = PBXFileReference; lastKnownFileType = folder.assetcatalog; path = "Preview Assets.xcassets"; sourceTree = "<group>"; };
		0C9FDC39265EE4BF00A569DC /* Base */ = {isa = PBXFileReference; lastKnownFileType = file.storyboard; name = Base; path = Base.lproj/Main.storyboard; sourceTree = "<group>"; };
		0C9FDC3B265EE4BF00A569DC /* Info.plist */ = {isa = PBXFileReference; lastKnownFileType = text.plist.xml; path = Info.plist; sourceTree = "<group>"; };
		0C9FDC3C265EE4BF00A569DC /* TesterApp.entitlements */ = {isa = PBXFileReference; lastKnownFileType = text.plist.entitlements; path = TesterApp.entitlements; sourceTree = "<group>"; };
		0C9FDC68265F485500A569DC /* SKScene+Drawing.swift */ = {isa = PBXFileReference; fileEncoding = 4; lastKnownFileType = sourcecode.swift; path = "SKScene+Drawing.swift"; sourceTree = "<group>"; };
		0C9FDC69265F485500A569DC /* Complex.swift */ = {isa = PBXFileReference; fileEncoding = 4; lastKnownFileType = sourcecode.swift; path = Complex.swift; sourceTree = "<group>"; };
		0C9FDC6C265F485500A569DC /* FourierSceneView.swift */ = {isa = PBXFileReference; fileEncoding = 4; lastKnownFileType = sourcecode.swift; path = FourierSceneView.swift; sourceTree = "<group>"; };
		0C9FDC6D265F485500A569DC /* Wave.swift */ = {isa = PBXFileReference; fileEncoding = 4; lastKnownFileType = sourcecode.swift; path = Wave.swift; sourceTree = "<group>"; };
		0C9FDC6E265F485600A569DC /* FourierScene.swift */ = {isa = PBXFileReference; fileEncoding = 4; lastKnownFileType = sourcecode.swift; path = FourierScene.swift; sourceTree = "<group>"; };
		0C9FDC80265F491600A569DC /* Fourier.swift */ = {isa = PBXFileReference; lastKnownFileType = sourcecode.swift; path = Fourier.swift; sourceTree = "<group>"; };
		0C9FDC83265F534C00A569DC /* Queue.swift */ = {isa = PBXFileReference; lastKnownFileType = sourcecode.swift; path = Queue.swift; sourceTree = "<group>"; };
		0C9FDC86265F53A800A569DC /* swift.json */ = {isa = PBXFileReference; fileEncoding = 4; lastKnownFileType = text.json; path = swift.json; sourceTree = "<group>"; };
		0CC6EE7426601CBD0014FA8F /* treble.json */ = {isa = PBXFileReference; fileEncoding = 4; lastKnownFileType = text.json; path = treble.json; sourceTree = "<group>"; };
/* End PBXFileReference section */

/* Begin PBXFrameworksBuildPhase section */
		0C9FDC12265EDCE800A569DC /* Frameworks */ = {
			isa = PBXFrameworksBuildPhase;
			buildActionMask = 2147483647;
			files = (
			);
			runOnlyForDeploymentPostprocessing = 0;
		};
		0C9FDC2A265EE4BC00A569DC /* Frameworks */ = {
			isa = PBXFrameworksBuildPhase;
			buildActionMask = 2147483647;
			files = (
			);
			runOnlyForDeploymentPostprocessing = 0;
		};
/* End PBXFrameworksBuildPhase section */

/* Begin PBXGroup section */
		0C446D7D2660AB1D00644746 /* Attractor */ = {
			isa = PBXGroup;
			children = (
				0C2639D02665B20E00CD29C9 /* AttractorView.swift */,
				0C446D8B26618BE500644746 /* AttractorVisView.swift */,
				0C74E31B26620052002A1656 /* AttractorCalculator.swift */,
				0C2639D32665B45300CD29C9 /* Attractors.swift */,
				0C446D822660AB3C00644746 /* AttractorShaders.metal */,
			);
			path = Attractor;
			sourceTree = "<group>";
		};
		0C9FDC0B265EDCE800A569DC = {
			isa = PBXGroup;
			children = (
				0C9FDC17265EDCE800A569DC /* AnimatedScreenSavers */,
				0C9FDC2E265EE4BC00A569DC /* TesterApp */,
				0C9FDC16265EDCE800A569DC /* Products */,
			);
			sourceTree = "<group>";
		};
		0C9FDC16265EDCE800A569DC /* Products */ = {
			isa = PBXGroup;
			children = (
				0C9FDC15265EDCE800A569DC /* AnimatedScreenSavers.saver */,
				0C9FDC2D265EE4BC00A569DC /* TesterApp.app */,
			);
			name = Products;
			sourceTree = "<group>";
		};
		0C9FDC17265EDCE800A569DC /* AnimatedScreenSavers */ = {
			isa = PBXGroup;
			children = (
				0C9FDC22265EE39000A569DC /* AnimatedScreenSaversView.swift */,
				0C446D7D2660AB1D00644746 /* Attractor */,
				0C9FDC64265F475100A569DC /* Fourier */,
				0C9FDC24265EE3C100A569DC /* Terrain */,
				0C9FDC1C265EDCE800A569DC /* Info.plist */,
			);
			path = AnimatedScreenSavers;
			sourceTree = "<group>";
		};
		0C9FDC24265EE3C100A569DC /* Terrain */ = {
			isa = PBXGroup;
			children = (
				0C9FDC25265EE3CD00A569DC /* TerrainSceneView.swift */,
				0C9FDC26265EE3CD00A569DC /* Terrain.swift */,
			);
			path = Terrain;
			sourceTree = "<group>";
		};
		0C9FDC2E265EE4BC00A569DC /* TesterApp */ = {
			isa = PBXGroup;
			children = (
				0C9FDC2F265EE4BC00A569DC /* AppDelegate.swift */,
				0C9FDC33265EE4BF00A569DC /* Assets.xcassets */,
				0C9FDC38265EE4BF00A569DC /* Main.storyboard */,
				0C9FDC3B265EE4BF00A569DC /* Info.plist */,
				0C9FDC3C265EE4BF00A569DC /* TesterApp.entitlements */,
				0C9FDC35265EE4BF00A569DC /* Preview Content */,
			);
			path = TesterApp;
			sourceTree = "<group>";
		};
		0C9FDC35265EE4BF00A569DC /* Preview Content */ = {
			isa = PBXGroup;
			children = (
				0C9FDC36265EE4BF00A569DC /* Preview Assets.xcassets */,
			);
			path = "Preview Content";
			sourceTree = "<group>";
		};
		0C9FDC64265F475100A569DC /* Fourier */ = {
			isa = PBXGroup;
			children = (
				0CC6EE78266022080014FA8F /* View */,
				0C9FDC67265F483E00A569DC /* Drawing */,
				0C9FDC66265F483A00A569DC /* Math */,
				0C9FDC65265F483200A569DC /* Paths */,
			);
			path = Fourier;
			sourceTree = "<group>";
		};
		0C9FDC65265F483200A569DC /* Paths */ = {
			isa = PBXGroup;
			children = (
				0C9FDC86265F53A800A569DC /* swift.json */,
				0CC6EE7426601CBD0014FA8F /* treble.json */,
			);
			path = Paths;
			sourceTree = "<group>";
		};
		0C9FDC66265F483A00A569DC /* Math */ = {
			isa = PBXGroup;
			children = (
				0C9FDC80265F491600A569DC /* Fourier.swift */,
				0C9FDC69265F485500A569DC /* Complex.swift */,
				0C9FDC6D265F485500A569DC /* Wave.swift */,
			);
			path = Math;
			sourceTree = "<group>";
		};
		0C9FDC67265F483E00A569DC /* Drawing */ = {
			isa = PBXGroup;
			children = (
				0C9FDC6E265F485600A569DC /* FourierScene.swift */,
				0C9FDC68265F485500A569DC /* SKScene+Drawing.swift */,
			);
			path = Drawing;
			sourceTree = "<group>";
		};
		0CC6EE78266022080014FA8F /* View */ = {
			isa = PBXGroup;
			children = (
				0C9FDC6C265F485500A569DC /* FourierSceneView.swift */,
				0C9FDC83265F534C00A569DC /* Queue.swift */,
			);
			path = View;
			sourceTree = "<group>";
		};
/* End PBXGroup section */

/* Begin PBXHeadersBuildPhase section */
		0C9FDC10265EDCE800A569DC /* Headers */ = {
			isa = PBXHeadersBuildPhase;
			buildActionMask = 2147483647;
			files = (
			);
			runOnlyForDeploymentPostprocessing = 0;
		};
/* End PBXHeadersBuildPhase section */

/* Begin PBXNativeTarget section */
		0C9FDC14265EDCE800A569DC /* AnimatedScreenSavers */ = {
			isa = PBXNativeTarget;
			buildConfigurationList = 0C9FDC1F265EDCE800A569DC /* Build configuration list for PBXNativeTarget "AnimatedScreenSavers" */;
			buildPhases = (
				0C9FDC10265EDCE800A569DC /* Headers */,
				0C9FDC11265EDCE800A569DC /* Sources */,
				0C9FDC12265EDCE800A569DC /* Frameworks */,
				0C9FDC13265EDCE800A569DC /* Resources */,
			);
			buildRules = (
			);
			dependencies = (
			);
			name = AnimatedScreenSavers;
			productName = AnimatedScreenSavers;
			productReference = 0C9FDC15265EDCE800A569DC /* AnimatedScreenSavers.saver */;
			productType = "com.apple.product-type.bundle";
		};
		0C9FDC2C265EE4BC00A569DC /* TesterApp */ = {
			isa = PBXNativeTarget;
			buildConfigurationList = 0C9FDC3D265EE4BF00A569DC /* Build configuration list for PBXNativeTarget "TesterApp" */;
			buildPhases = (
				0C9FDC29265EE4BC00A569DC /* Sources */,
				0C9FDC2A265EE4BC00A569DC /* Frameworks */,
				0C9FDC2B265EE4BC00A569DC /* Resources */,
			);
			buildRules = (
			);
			dependencies = (
			);
			name = TesterApp;
			productName = TesterApp;
			productReference = 0C9FDC2D265EE4BC00A569DC /* TesterApp.app */;
			productType = "com.apple.product-type.application";
		};
/* End PBXNativeTarget section */

/* Begin PBXProject section */
		0C9FDC0C265EDCE800A569DC /* Project object */ = {
			isa = PBXProject;
			attributes = {
				LastSwiftUpdateCheck = 1250;
				LastUpgradeCheck = 1250;
				TargetAttributes = {
					0C9FDC14265EDCE800A569DC = {
						CreatedOnToolsVersion = 12.5;
						LastSwiftMigration = 1250;
					};
					0C9FDC2C265EE4BC00A569DC = {
						CreatedOnToolsVersion = 12.5;
						LastSwiftMigration = 1250;
					};
				};
			};
			buildConfigurationList = 0C9FDC0F265EDCE800A569DC /* Build configuration list for PBXProject "AnimatedScreenSavers" */;
			compatibilityVersion = "Xcode 9.3";
			developmentRegion = en;
			hasScannedForEncodings = 0;
			knownRegions = (
				en,
				Base,
			);
			mainGroup = 0C9FDC0B265EDCE800A569DC;
			productRefGroup = 0C9FDC16265EDCE800A569DC /* Products */;
			projectDirPath = "";
			projectRoot = "";
			targets = (
				0C9FDC14265EDCE800A569DC /* AnimatedScreenSavers */,
				0C9FDC2C265EE4BC00A569DC /* TesterApp */,
			);
		};
/* End PBXProject section */

/* Begin PBXResourcesBuildPhase section */
		0C9FDC13265EDCE800A569DC /* Resources */ = {
			isa = PBXResourcesBuildPhase;
			buildActionMask = 2147483647;
			files = (
				0CC6EE7526601CBD0014FA8F /* treble.json in Resources */,
				0C9FDC87265F53A800A569DC /* swift.json in Resources */,
			);
			runOnlyForDeploymentPostprocessing = 0;
		};
		0C9FDC2B265EE4BC00A569DC /* Resources */ = {
			isa = PBXResourcesBuildPhase;
			buildActionMask = 2147483647;
			files = (
				0C9FDC88265F53A800A569DC /* swift.json in Resources */,
				0C9FDC3A265EE4BF00A569DC /* Main.storyboard in Resources */,
				0CC6EE7626601CBD0014FA8F /* treble.json in Resources */,
				0C9FDC37265EE4BF00A569DC /* Preview Assets.xcassets in Resources */,
				0C9FDC34265EE4BF00A569DC /* Assets.xcassets in Resources */,
			);
			runOnlyForDeploymentPostprocessing = 0;
		};
/* End PBXResourcesBuildPhase section */

/* Begin PBXSourcesBuildPhase section */
		0C9FDC11265EDCE800A569DC /* Sources */ = {
			isa = PBXSourcesBuildPhase;
			buildActionMask = 2147483647;
			files = (
				0C9FDC81265F491600A569DC /* Fourier.swift in Sources */,
				0C9FDC23265EE39000A569DC /* AnimatedScreenSaversView.swift in Sources */,
				0C74E31C26620052002A1656 /* AttractorCalculator.swift in Sources */,
				0C2639D42665B45300CD29C9 /* Attractors.swift in Sources */,
				0C9FDC7B265F485600A569DC /* FourierScene.swift in Sources */,
				0C446D8C26618BE500644746 /* AttractorVisView.swift in Sources */,
				0C9FDC84265F534C00A569DC /* Queue.swift in Sources */,
				0C446D852660AB3C00644746 /* AttractorShaders.metal in Sources */,
				0C9FDC28265EE3CD00A569DC /* Terrain.swift in Sources */,
				0C9FDC79265F485600A569DC /* Wave.swift in Sources */,
				0C9FDC27265EE3CD00A569DC /* TerrainSceneView.swift in Sources */,
				0C9FDC71265F485600A569DC /* Complex.swift in Sources */,
				0C9FDC77265F485600A569DC /* FourierSceneView.swift in Sources */,
				0C9FDC6F265F485600A569DC /* SKScene+Drawing.swift in Sources */,
				0C2639D12665B20E00CD29C9 /* AttractorView.swift in Sources */,
			);
			runOnlyForDeploymentPostprocessing = 0;
		};
		0C9FDC29265EE4BC00A569DC /* Sources */ = {
			isa = PBXSourcesBuildPhase;
			buildActionMask = 2147483647;
			files = (
				0C2639D22665B20E00CD29C9 /* AttractorView.swift in Sources */,
				0C9FDC82265F491600A569DC /* Fourier.swift in Sources */,
				0C2639D52665B45300CD29C9 /* Attractors.swift in Sources */,
				0C9FDC30265EE4BC00A569DC /* AppDelegate.swift in Sources */,
				0C9FDC7C265F485600A569DC /* FourierScene.swift in Sources */,
				0C74E31D26620052002A1656 /* AttractorCalculator.swift in Sources */,
				0C9FDC85265F534C00A569DC /* Queue.swift in Sources */,
				0C9FDC41265EE4D900A569DC /* Terrain.swift in Sources */,
				0C446D862660AB3C00644746 /* AttractorShaders.metal in Sources */,
				0C9FDC7A265F485600A569DC /* Wave.swift in Sources */,
				0C9FDC40265EE4D900A569DC /* TerrainSceneView.swift in Sources */,
				0C9FDC72265F485600A569DC /* Complex.swift in Sources */,
				0C9FDC78265F485600A569DC /* FourierSceneView.swift in Sources */,
				0C7BE6A926604AAA002B9AB3 /* AnimatedScreenSaversView.swift in Sources */,
				0C446D8D26618BE500644746 /* AttractorVisView.swift in Sources */,
				0C9FDC70265F485600A569DC /* SKScene+Drawing.swift in Sources */,
			);
			runOnlyForDeploymentPostprocessing = 0;
		};
/* End PBXSourcesBuildPhase section */

/* Begin PBXVariantGroup section */
		0C9FDC38265EE4BF00A569DC /* Main.storyboard */ = {
			isa = PBXVariantGroup;
			children = (
				0C9FDC39265EE4BF00A569DC /* Base */,
			);
			name = Main.storyboard;
			sourceTree = "<group>";
		};
/* End PBXVariantGroup section */

/* Begin XCBuildConfiguration section */
		0C9FDC1D265EDCE800A569DC /* Debug */ = {
			isa = XCBuildConfiguration;
			buildSettings = {
				ALWAYS_SEARCH_USER_PATHS = NO;
				CLANG_ANALYZER_NONNULL = YES;
				CLANG_ANALYZER_NUMBER_OBJECT_CONVERSION = YES_AGGRESSIVE;
				CLANG_CXX_LANGUAGE_STANDARD = "gnu++14";
				CLANG_CXX_LIBRARY = "libc++";
				CLANG_ENABLE_MODULES = YES;
				CLANG_ENABLE_OBJC_ARC = YES;
				CLANG_ENABLE_OBJC_WEAK = YES;
				CLANG_WARN_BLOCK_CAPTURE_AUTORELEASING = YES;
				CLANG_WARN_BOOL_CONVERSION = YES;
				CLANG_WARN_COMMA = YES;
				CLANG_WARN_CONSTANT_CONVERSION = YES;
				CLANG_WARN_DEPRECATED_OBJC_IMPLEMENTATIONS = YES;
				CLANG_WARN_DIRECT_OBJC_ISA_USAGE = YES_ERROR;
				CLANG_WARN_DOCUMENTATION_COMMENTS = YES;
				CLANG_WARN_EMPTY_BODY = YES;
				CLANG_WARN_ENUM_CONVERSION = YES;
				CLANG_WARN_INFINITE_RECURSION = YES;
				CLANG_WARN_INT_CONVERSION = YES;
				CLANG_WARN_NON_LITERAL_NULL_CONVERSION = YES;
				CLANG_WARN_OBJC_IMPLICIT_RETAIN_SELF = YES;
				CLANG_WARN_OBJC_LITERAL_CONVERSION = YES;
				CLANG_WARN_OBJC_ROOT_CLASS = YES_ERROR;
				CLANG_WARN_QUOTED_INCLUDE_IN_FRAMEWORK_HEADER = YES;
				CLANG_WARN_RANGE_LOOP_ANALYSIS = YES;
				CLANG_WARN_STRICT_PROTOTYPES = YES;
				CLANG_WARN_SUSPICIOUS_MOVE = YES;
				CLANG_WARN_UNGUARDED_AVAILABILITY = YES_AGGRESSIVE;
				CLANG_WARN_UNREACHABLE_CODE = YES;
				CLANG_WARN__DUPLICATE_METHOD_MATCH = YES;
				COPY_PHASE_STRIP = NO;
				DEBUG_INFORMATION_FORMAT = dwarf;
				ENABLE_STRICT_OBJC_MSGSEND = YES;
				ENABLE_TESTABILITY = YES;
				GCC_C_LANGUAGE_STANDARD = gnu11;
				GCC_DYNAMIC_NO_PIC = NO;
				GCC_NO_COMMON_BLOCKS = YES;
				GCC_OPTIMIZATION_LEVEL = 0;
				GCC_PREPROCESSOR_DEFINITIONS = (
					"DEBUG=1",
					"$(inherited)",
				);
				GCC_WARN_64_TO_32_BIT_CONVERSION = YES;
				GCC_WARN_ABOUT_RETURN_TYPE = YES_ERROR;
				GCC_WARN_UNDECLARED_SELECTOR = YES;
				GCC_WARN_UNINITIALIZED_AUTOS = YES_AGGRESSIVE;
				GCC_WARN_UNUSED_FUNCTION = YES;
				GCC_WARN_UNUSED_VARIABLE = YES;
				MACOSX_DEPLOYMENT_TARGET = 11.3;
				MTL_ENABLE_DEBUG_INFO = INCLUDE_SOURCE;
				MTL_FAST_MATH = YES;
				ONLY_ACTIVE_ARCH = YES;
				SDKROOT = macosx;
			};
			name = Debug;
		};
		0C9FDC1E265EDCE800A569DC /* Release */ = {
			isa = XCBuildConfiguration;
			buildSettings = {
				ALWAYS_SEARCH_USER_PATHS = NO;
				CLANG_ANALYZER_NONNULL = YES;
				CLANG_ANALYZER_NUMBER_OBJECT_CONVERSION = YES_AGGRESSIVE;
				CLANG_CXX_LANGUAGE_STANDARD = "gnu++14";
				CLANG_CXX_LIBRARY = "libc++";
				CLANG_ENABLE_MODULES = YES;
				CLANG_ENABLE_OBJC_ARC = YES;
				CLANG_ENABLE_OBJC_WEAK = YES;
				CLANG_WARN_BLOCK_CAPTURE_AUTORELEASING = YES;
				CLANG_WARN_BOOL_CONVERSION = YES;
				CLANG_WARN_COMMA = YES;
				CLANG_WARN_CONSTANT_CONVERSION = YES;
				CLANG_WARN_DEPRECATED_OBJC_IMPLEMENTATIONS = YES;
				CLANG_WARN_DIRECT_OBJC_ISA_USAGE = YES_ERROR;
				CLANG_WARN_DOCUMENTATION_COMMENTS = YES;
				CLANG_WARN_EMPTY_BODY = YES;
				CLANG_WARN_ENUM_CONVERSION = YES;
				CLANG_WARN_INFINITE_RECURSION = YES;
				CLANG_WARN_INT_CONVERSION = YES;
				CLANG_WARN_NON_LITERAL_NULL_CONVERSION = YES;
				CLANG_WARN_OBJC_IMPLICIT_RETAIN_SELF = YES;
				CLANG_WARN_OBJC_LITERAL_CONVERSION = YES;
				CLANG_WARN_OBJC_ROOT_CLASS = YES_ERROR;
				CLANG_WARN_QUOTED_INCLUDE_IN_FRAMEWORK_HEADER = YES;
				CLANG_WARN_RANGE_LOOP_ANALYSIS = YES;
				CLANG_WARN_STRICT_PROTOTYPES = YES;
				CLANG_WARN_SUSPICIOUS_MOVE = YES;
				CLANG_WARN_UNGUARDED_AVAILABILITY = YES_AGGRESSIVE;
				CLANG_WARN_UNREACHABLE_CODE = YES;
				CLANG_WARN__DUPLICATE_METHOD_MATCH = YES;
				COPY_PHASE_STRIP = NO;
				DEBUG_INFORMATION_FORMAT = "dwarf-with-dsym";
				ENABLE_NS_ASSERTIONS = NO;
				ENABLE_STRICT_OBJC_MSGSEND = YES;
				GCC_C_LANGUAGE_STANDARD = gnu11;
				GCC_NO_COMMON_BLOCKS = YES;
				GCC_WARN_64_TO_32_BIT_CONVERSION = YES;
				GCC_WARN_ABOUT_RETURN_TYPE = YES_ERROR;
				GCC_WARN_UNDECLARED_SELECTOR = YES;
				GCC_WARN_UNINITIALIZED_AUTOS = YES_AGGRESSIVE;
				GCC_WARN_UNUSED_FUNCTION = YES;
				GCC_WARN_UNUSED_VARIABLE = YES;
				MACOSX_DEPLOYMENT_TARGET = 11.3;
				MTL_ENABLE_DEBUG_INFO = NO;
				MTL_FAST_MATH = YES;
				SDKROOT = macosx;
			};
			name = Release;
		};
		0C9FDC20265EDCE800A569DC /* Debug */ = {
			isa = XCBuildConfiguration;
			buildSettings = {
				CLANG_ENABLE_MODULES = YES;
				CODE_SIGN_STYLE = Automatic;
				COMBINE_HIDPI_IMAGES = YES;
				DEVELOPMENT_TEAM = 28V7PPHDHC;
				INFOPLIST_FILE = AnimatedScreenSavers/Info.plist;
				INSTALL_PATH = "$(HOME)/Library/Screen Savers";
				LD_RUNPATH_SEARCH_PATHS = (
					"$(inherited)",
					"@executable_path/../Frameworks",
					"@loader_path/../Frameworks",
				);
				MACOSX_DEPLOYMENT_TARGET = 11.0;
				PRODUCT_BUNDLE_IDENTIFIER = com.liamrosenfeld.AnimatedScreenSavers;
				PRODUCT_NAME = "$(TARGET_NAME)";
				SWIFT_INSTALL_OBJC_HEADER = NO;
				SWIFT_OBJC_BRIDGING_HEADER = "";
				SWIFT_OPTIMIZATION_LEVEL = "-Onone";
				SWIFT_VERSION = 5.0;
				WRAPPER_EXTENSION = saver;
			};
			name = Debug;
		};
		0C9FDC21265EDCE800A569DC /* Release */ = {
			isa = XCBuildConfiguration;
			buildSettings = {
				CLANG_ENABLE_MODULES = YES;
				CODE_SIGN_STYLE = Automatic;
				COMBINE_HIDPI_IMAGES = YES;
				DEVELOPMENT_TEAM = 28V7PPHDHC;
				INFOPLIST_FILE = AnimatedScreenSavers/Info.plist;
				INSTALL_PATH = "$(HOME)/Library/Screen Savers";
				LD_RUNPATH_SEARCH_PATHS = (
					"$(inherited)",
					"@executable_path/../Frameworks",
					"@loader_path/../Frameworks",
				);
				MACOSX_DEPLOYMENT_TARGET = 11.0;
				PRODUCT_BUNDLE_IDENTIFIER = com.liamrosenfeld.AnimatedScreenSavers;
				PRODUCT_NAME = "$(TARGET_NAME)";
				SWIFT_INSTALL_OBJC_HEADER = NO;
				SWIFT_OBJC_BRIDGING_HEADER = "";
				SWIFT_VERSION = 5.0;
				WRAPPER_EXTENSION = saver;
			};
			name = Release;
		};
		0C9FDC3E265EE4BF00A569DC /* Debug */ = {
			isa = XCBuildConfiguration;
			buildSettings = {
				ASSETCATALOG_COMPILER_APPICON_NAME = AppIcon;
				ASSETCATALOG_COMPILER_GLOBAL_ACCENT_COLOR_NAME = AccentColor;
				CLANG_ENABLE_MODULES = YES;
				CODE_SIGN_ENTITLEMENTS = TesterApp/TesterApp.entitlements;
				CODE_SIGN_STYLE = Automatic;
				COMBINE_HIDPI_IMAGES = YES;
				DEVELOPMENT_ASSET_PATHS = "\"TesterApp/Preview Content\"";
				DEVELOPMENT_TEAM = 28V7PPHDHC;
				ENABLE_HARDENED_RUNTIME = YES;
				ENABLE_PREVIEWS = YES;
				INFOPLIST_FILE = TesterApp/Info.plist;
				LD_RUNPATH_SEARCH_PATHS = (
					"$(inherited)",
					"@executable_path/../Frameworks",
				);
				MACOSX_DEPLOYMENT_TARGET = 11.0;
				PRODUCT_BUNDLE_IDENTIFIER = com.liamrosenfeld.TesterApp;
				PRODUCT_NAME = "$(TARGET_NAME)";
				SWIFT_ACTIVE_COMPILATION_CONDITIONS = DEBUG;
				SWIFT_INSTALL_OBJC_HEADER = NO;
				SWIFT_OBJC_BRIDGING_HEADER = "";
				SWIFT_OPTIMIZATION_LEVEL = "-Onone";
				SWIFT_VERSION = 5.0;
			};
			name = Debug;
		};
		0C9FDC3F265EE4BF00A569DC /* Release */ = {
			isa = XCBuildConfiguration;
			buildSettings = {
				ASSETCATALOG_COMPILER_APPICON_NAME = AppIcon;
				ASSETCATALOG_COMPILER_GLOBAL_ACCENT_COLOR_NAME = AccentColor;
				CLANG_ENABLE_MODULES = YES;
				CODE_SIGN_ENTITLEMENTS = TesterApp/TesterApp.entitlements;
				CODE_SIGN_STYLE = Automatic;
				COMBINE_HIDPI_IMAGES = YES;
				DEVELOPMENT_ASSET_PATHS = "\"TesterApp/Preview Content\"";
				DEVELOPMENT_TEAM = 28V7PPHDHC;
				ENABLE_HARDENED_RUNTIME = YES;
				ENABLE_PREVIEWS = YES;
				INFOPLIST_FILE = TesterApp/Info.plist;
				LD_RUNPATH_SEARCH_PATHS = (
					"$(inherited)",
					"@executable_path/../Frameworks",
				);
				MACOSX_DEPLOYMENT_TARGET = 11.0;
				PRODUCT_BUNDLE_IDENTIFIER = com.liamrosenfeld.TesterApp;
				PRODUCT_NAME = "$(TARGET_NAME)";
				SWIFT_COMPILATION_MODE = wholemodule;
				SWIFT_INSTALL_OBJC_HEADER = NO;
				SWIFT_OBJC_BRIDGING_HEADER = "";
				SWIFT_OPTIMIZATION_LEVEL = "-O";
				SWIFT_VERSION = 5.0;
			};
			name = Release;
		};
/* End XCBuildConfiguration section */

/* Begin XCConfigurationList section */
		0C9FDC0F265EDCE800A569DC /* Build configuration list for PBXProject "AnimatedScreenSavers" */ = {
			isa = XCConfigurationList;
			buildConfigurations = (
				0C9FDC1D265EDCE800A569DC /* Debug */,
				0C9FDC1E265EDCE800A569DC /* Release */,
			);
			defaultConfigurationIsVisible = 0;
			defaultConfigurationName = Release;
		};
		0C9FDC1F265EDCE800A569DC /* Build configuration list for PBXNativeTarget "AnimatedScreenSavers" */ = {
			isa = XCConfigurationList;
			buildConfigurations = (
				0C9FDC20265EDCE800A569DC /* Debug */,
				0C9FDC21265EDCE800A569DC /* Release */,
			);
			defaultConfigurationIsVisible = 0;
			defaultConfigurationName = Release;
		};
		0C9FDC3D265EE4BF00A569DC /* Build configuration list for PBXNativeTarget "TesterApp" */ = {
			isa = XCConfigurationList;
			buildConfigurations = (
				0C9FDC3E265EE4BF00A569DC /* Debug */,
				0C9FDC3F265EE4BF00A569DC /* Release */,
			);
			defaultConfigurationIsVisible = 0;
			defaultConfigurationName = Release;
		};
/* End XCConfigurationList section */
	};
	rootObject = 0C9FDC0C265EDCE800A569DC /* Project object */;
}
